{
	"name": "slidebars",
	"version": "2.0.2",
	"lockfileVersion": 3,
	"requires": true,
	"packages": {
		"": {
			"name": "slidebars",
			"version": "2.0.2",
			"dependencies": {
				"jquery": ">=1.8"
			}
		},
		"node_modules/jquery": {
			"version": "3.7.0",
			"resolved": "https://registry.npmjs.org/jquery/-/jquery-3.7.0.tgz",
			"integrity": "sha512-umpJ0/k8X0MvD1ds0P9SfowREz2LenHsQaxSohMZ5OMNEU2r0tf8pdeEFTHMFxWVxKNyU9rTtK3CWzUCTKJUeQ=="
		}
	}
}
